// !$*UTF8*$!
{
	archiveVersion = 1;
	classes = {
	};
	objectVersion = 51;
	objects = {

/* Begin PBXBuildFile section */
		3D969EAB1C161BEE73877055 /* Pods_CribSwap.framework in Frameworks */ = {isa = PBXBuildFile; fileRef = 378B22110120B6C69AF951D1 /* Pods_CribSwap.framework */; };
		3E5D3129C691D0F2177BBFDF /* Pods_CribSwapTests.framework in Frameworks */ = {isa = PBXBuildFile; fileRef = F78A1DF336D094FA27AFE29A /* Pods_CribSwapTests.framework */; };
		5607DF4424E6299100F0C65B /* AppDelegate.swift in Sources */ = {isa = PBXBuildFile; fileRef = 5607DF4324E6299100F0C65B /* AppDelegate.swift */; };
		5607DF4624E6299100F0C65B /* SceneDelegate.swift in Sources */ = {isa = PBXBuildFile; fileRef = 5607DF4524E6299100F0C65B /* SceneDelegate.swift */; };
		5607DF4824E6299100F0C65B /* ListingViewController.swift in Sources */ = {isa = PBXBuildFile; fileRef = 5607DF4724E6299100F0C65B /* ListingViewController.swift */; };
		5607DF4B24E6299100F0C65B /* Main.storyboard in Resources */ = {isa = PBXBuildFile; fileRef = 5607DF4924E6299100F0C65B /* Main.storyboard */; };
		5607DF4D24E6299500F0C65B /* Assets.xcassets in Resources */ = {isa = PBXBuildFile; fileRef = 5607DF4C24E6299500F0C65B /* Assets.xcassets */; };
		5607DF5024E6299500F0C65B /* LaunchScreen.storyboard in Resources */ = {isa = PBXBuildFile; fileRef = 5607DF4E24E6299500F0C65B /* LaunchScreen.storyboard */; };
		5607DF5B24E6299500F0C65B /* CribSwapTests.swift in Sources */ = {isa = PBXBuildFile; fileRef = 5607DF5A24E6299500F0C65B /* CribSwapTests.swift */; };
		5607DF6624E6299500F0C65B /* CribSwapUITests.swift in Sources */ = {isa = PBXBuildFile; fileRef = 5607DF6524E6299500F0C65B /* CribSwapUITests.swift */; };
		561A66F624EC3FA800E4E29E /* ListingCell.swift in Sources */ = {isa = PBXBuildFile; fileRef = 561A66F524EC3FA800E4E29E /* ListingCell.swift */; };
		561A66F824EC6F6A00E4E29E /* ListingInfoViewController.swift in Sources */ = {isa = PBXBuildFile; fileRef = 561A66F724EC6F6A00E4E29E /* ListingInfoViewController.swift */; };
		561A66FA24EE055B00E4E29E /* GoogleService-Info.plist in Resources */ = {isa = PBXBuildFile; fileRef = 561A66F924EE055B00E4E29E /* GoogleService-Info.plist */; };
		564CCD4724F89BBF00F3ECD0 /* designableView.swift in Sources */ = {isa = PBXBuildFile; fileRef = 564CCD4624F89BBF00F3ECD0 /* designableView.swift */; };
		569B63C824EB61E700B434A3 /* Listing.swift in Sources */ = {isa = PBXBuildFile; fileRef = 569B63C724EB61E700B434A3 /* Listing.swift */; };
		56FBD2C024F0353F00DDF5BA /* NewListingVC.swift in Sources */ = {isa = PBXBuildFile; fileRef = 56FBD2BF24F0353F00DDF5BA /* NewListingVC.swift */; };
		56FBD2C224F04DD100DDF5BA /* LocationSelectVC.swift in Sources */ = {isa = PBXBuildFile; fileRef = 56FBD2C124F04DD100DDF5BA /* LocationSelectVC.swift */; };
		58013BA95A79BD9A083D7863 /* Pods_CribSwap_CribSwapUITests.framework in Frameworks */ = {isa = PBXBuildFile; fileRef = 5F52F8838AD08E74D20F3976 /* Pods_CribSwap_CribSwapUITests.framework */; };
/* End PBXBuildFile section */

/* Begin PBXContainerItemProxy section */
		5607DF5724E6299500F0C65B /* PBXContainerItemProxy */ = {
			isa = PBXContainerItemProxy;
			containerPortal = 5607DF3824E6299100F0C65B /* Project object */;
			proxyType = 1;
			remoteGlobalIDString = 5607DF3F24E6299100F0C65B;
			remoteInfo = CribSwap;
		};
		5607DF6224E6299500F0C65B /* PBXContainerItemProxy */ = {
			isa = PBXContainerItemProxy;
			containerPortal = 5607DF3824E6299100F0C65B /* Project object */;
			proxyType = 1;
			remoteGlobalIDString = 5607DF3F24E6299100F0C65B;
			remoteInfo = CribSwap;
		};
/* End PBXContainerItemProxy section */

/* Begin PBXFileReference section */
		2761D336A2FA1FF539A1CC1A /* Pods-CribSwap-CribSwapUITests.release.xcconfig */ = {isa = PBXFileReference; includeInIndex = 1; lastKnownFileType = text.xcconfig; name = "Pods-CribSwap-CribSwapUITests.release.xcconfig"; path = "Target Support Files/Pods-CribSwap-CribSwapUITests/Pods-CribSwap-CribSwapUITests.release.xcconfig"; sourceTree = "<group>"; };
		378B22110120B6C69AF951D1 /* Pods_CribSwap.framework */ = {isa = PBXFileReference; explicitFileType = wrapper.framework; includeInIndex = 0; path = Pods_CribSwap.framework; sourceTree = BUILT_PRODUCTS_DIR; };
		5607DF4024E6299100F0C65B /* CribSwap.app */ = {isa = PBXFileReference; explicitFileType = wrapper.application; includeInIndex = 0; path = CribSwap.app; sourceTree = BUILT_PRODUCTS_DIR; };
		5607DF4324E6299100F0C65B /* AppDelegate.swift */ = {isa = PBXFileReference; lastKnownFileType = sourcecode.swift; path = AppDelegate.swift; sourceTree = "<group>"; };
		5607DF4524E6299100F0C65B /* SceneDelegate.swift */ = {isa = PBXFileReference; lastKnownFileType = sourcecode.swift; path = SceneDelegate.swift; sourceTree = "<group>"; };
		5607DF4724E6299100F0C65B /* ListingViewController.swift */ = {isa = PBXFileReference; lastKnownFileType = sourcecode.swift; path = ListingViewController.swift; sourceTree = "<group>"; };
		5607DF4A24E6299100F0C65B /* Base */ = {isa = PBXFileReference; lastKnownFileType = file.storyboard; name = Base; path = Base.lproj/Main.storyboard; sourceTree = "<group>"; };
		5607DF4C24E6299500F0C65B /* Assets.xcassets */ = {isa = PBXFileReference; lastKnownFileType = folder.assetcatalog; path = Assets.xcassets; sourceTree = "<group>"; };
		5607DF4F24E6299500F0C65B /* Base */ = {isa = PBXFileReference; lastKnownFileType = file.storyboard; name = Base; path = Base.lproj/LaunchScreen.storyboard; sourceTree = "<group>"; };
		5607DF5124E6299500F0C65B /* Info.plist */ = {isa = PBXFileReference; lastKnownFileType = text.plist.xml; path = Info.plist; sourceTree = "<group>"; };
		5607DF5624E6299500F0C65B /* CribSwapTests.xctest */ = {isa = PBXFileReference; explicitFileType = wrapper.cfbundle; includeInIndex = 0; path = CribSwapTests.xctest; sourceTree = BUILT_PRODUCTS_DIR; };
		5607DF5A24E6299500F0C65B /* CribSwapTests.swift */ = {isa = PBXFileReference; lastKnownFileType = sourcecode.swift; path = CribSwapTests.swift; sourceTree = "<group>"; };
		5607DF5C24E6299500F0C65B /* Info.plist */ = {isa = PBXFileReference; lastKnownFileType = text.plist.xml; path = Info.plist; sourceTree = "<group>"; };
		5607DF6124E6299500F0C65B /* CribSwapUITests.xctest */ = {isa = PBXFileReference; explicitFileType = wrapper.cfbundle; includeInIndex = 0; path = CribSwapUITests.xctest; sourceTree = BUILT_PRODUCTS_DIR; };
		5607DF6524E6299500F0C65B /* CribSwapUITests.swift */ = {isa = PBXFileReference; lastKnownFileType = sourcecode.swift; path = CribSwapUITests.swift; sourceTree = "<group>"; };
		5607DF6724E6299500F0C65B /* Info.plist */ = {isa = PBXFileReference; lastKnownFileType = text.plist.xml; path = Info.plist; sourceTree = "<group>"; };
		561A66F524EC3FA800E4E29E /* ListingCell.swift */ = {isa = PBXFileReference; lastKnownFileType = sourcecode.swift; path = ListingCell.swift; sourceTree = "<group>"; };
		561A66F724EC6F6A00E4E29E /* ListingInfoViewController.swift */ = {isa = PBXFileReference; lastKnownFileType = sourcecode.swift; path = ListingInfoViewController.swift; sourceTree = "<group>"; };
		561A66F924EE055B00E4E29E /* GoogleService-Info.plist */ = {isa = PBXFileReference; fileEncoding = 4; lastKnownFileType = text.plist.xml; name = "GoogleService-Info.plist"; path = "../../Downloads/GoogleService-Info.plist"; sourceTree = "<group>"; };
		564CCD4624F89BBF00F3ECD0 /* designableView.swift */ = {isa = PBXFileReference; lastKnownFileType = sourcecode.swift; path = designableView.swift; sourceTree = "<group>"; };
		569B63C724EB61E700B434A3 /* Listing.swift */ = {isa = PBXFileReference; lastKnownFileType = sourcecode.swift; path = Listing.swift; sourceTree = "<group>"; };
		56FBD2BF24F0353F00DDF5BA /* NewListingVC.swift */ = {isa = PBXFileReference; lastKnownFileType = sourcecode.swift; path = NewListingVC.swift; sourceTree = "<group>"; };
		56FBD2C124F04DD100DDF5BA /* LocationSelectVC.swift */ = {isa = PBXFileReference; lastKnownFileType = sourcecode.swift; path = LocationSelectVC.swift; sourceTree = "<group>"; };
		588DD32ECAB9AE3C37B5A0CD /* Pods-CribSwapTests.release.xcconfig */ = {isa = PBXFileReference; includeInIndex = 1; lastKnownFileType = text.xcconfig; name = "Pods-CribSwapTests.release.xcconfig"; path = "Target Support Files/Pods-CribSwapTests/Pods-CribSwapTests.release.xcconfig"; sourceTree = "<group>"; };
		5F52F8838AD08E74D20F3976 /* Pods_CribSwap_CribSwapUITests.framework */ = {isa = PBXFileReference; explicitFileType = wrapper.framework; includeInIndex = 0; path = Pods_CribSwap_CribSwapUITests.framework; sourceTree = BUILT_PRODUCTS_DIR; };
		8D559D19AD9D5A0E04642E38 /* Pods-CribSwap.release.xcconfig */ = {isa = PBXFileReference; includeInIndex = 1; lastKnownFileType = text.xcconfig; name = "Pods-CribSwap.release.xcconfig"; path = "Target Support Files/Pods-CribSwap/Pods-CribSwap.release.xcconfig"; sourceTree = "<group>"; };
		9B479ED2E24A5CD0FA1108C6 /* Pods-CribSwapTests.debug.xcconfig */ = {isa = PBXFileReference; includeInIndex = 1; lastKnownFileType = text.xcconfig; name = "Pods-CribSwapTests.debug.xcconfig"; path = "Target Support Files/Pods-CribSwapTests/Pods-CribSwapTests.debug.xcconfig"; sourceTree = "<group>"; };
		9EE637057653BC2962393493 /* Pods-CribSwap.debug.xcconfig */ = {isa = PBXFileReference; includeInIndex = 1; lastKnownFileType = text.xcconfig; name = "Pods-CribSwap.debug.xcconfig"; path = "Target Support Files/Pods-CribSwap/Pods-CribSwap.debug.xcconfig"; sourceTree = "<group>"; };
		BDB4312D8DCF5C50EEE01984 /* Pods-CribSwap-CribSwapUITests.debug.xcconfig */ = {isa = PBXFileReference; includeInIndex = 1; lastKnownFileType = text.xcconfig; name = "Pods-CribSwap-CribSwapUITests.debug.xcconfig"; path = "Target Support Files/Pods-CribSwap-CribSwapUITests/Pods-CribSwap-CribSwapUITests.debug.xcconfig"; sourceTree = "<group>"; };
		F78A1DF336D094FA27AFE29A /* Pods_CribSwapTests.framework */ = {isa = PBXFileReference; explicitFileType = wrapper.framework; includeInIndex = 0; path = Pods_CribSwapTests.framework; sourceTree = BUILT_PRODUCTS_DIR; };
/* End PBXFileReference section */

/* Begin PBXFrameworksBuildPhase section */
		5607DF3D24E6299100F0C65B /* Frameworks */ = {
			isa = PBXFrameworksBuildPhase;
			buildActionMask = 2147483647;
			files = (
				3D969EAB1C161BEE73877055 /* Pods_CribSwap.framework in Frameworks */,
			);
			runOnlyForDeploymentPostprocessing = 0;
		};
		5607DF5324E6299500F0C65B /* Frameworks */ = {
			isa = PBXFrameworksBuildPhase;
			buildActionMask = 2147483647;
			files = (
				3E5D3129C691D0F2177BBFDF /* Pods_CribSwapTests.framework in Frameworks */,
			);
			runOnlyForDeploymentPostprocessing = 0;
		};
		5607DF5E24E6299500F0C65B /* Frameworks */ = {
			isa = PBXFrameworksBuildPhase;
			buildActionMask = 2147483647;
			files = (
				58013BA95A79BD9A083D7863 /* Pods_CribSwap_CribSwapUITests.framework in Frameworks */,
			);
			runOnlyForDeploymentPostprocessing = 0;
		};
/* End PBXFrameworksBuildPhase section */

/* Begin PBXGroup section */
		2113657C5320629ECBD120BB /* Frameworks */ = {
			isa = PBXGroup;
			children = (
				378B22110120B6C69AF951D1 /* Pods_CribSwap.framework */,
				5F52F8838AD08E74D20F3976 /* Pods_CribSwap_CribSwapUITests.framework */,
				F78A1DF336D094FA27AFE29A /* Pods_CribSwapTests.framework */,
			);
			name = Frameworks;
			sourceTree = "<group>";
		};
		5607DF3724E6299100F0C65B = {
			isa = PBXGroup;
			children = (
				5607DF4224E6299100F0C65B /* CribSwap */,
				5607DF5924E6299500F0C65B /* CribSwapTests */,
				5607DF6424E6299500F0C65B /* CribSwapUITests */,
				5607DF4124E6299100F0C65B /* Products */,
				6162F2C6B729ACF1753DC45F /* Pods */,
				2113657C5320629ECBD120BB /* Frameworks */,
			);
			sourceTree = "<group>";
		};
		5607DF4124E6299100F0C65B /* Products */ = {
			isa = PBXGroup;
			children = (
				5607DF4024E6299100F0C65B /* CribSwap.app */,
				5607DF5624E6299500F0C65B /* CribSwapTests.xctest */,
				5607DF6124E6299500F0C65B /* CribSwapUITests.xctest */,
			);
			name = Products;
			sourceTree = "<group>";
		};
		5607DF4224E6299100F0C65B /* CribSwap */ = {
			isa = PBXGroup;
			children = (
				561A66F924EE055B00E4E29E /* GoogleService-Info.plist */,
				561A66F524EC3FA800E4E29E /* ListingCell.swift */,
				5607DF4324E6299100F0C65B /* AppDelegate.swift */,
				5607DF4524E6299100F0C65B /* SceneDelegate.swift */,
				5607DF4724E6299100F0C65B /* ListingViewController.swift */,
				569B63C724EB61E700B434A3 /* Listing.swift */,
				5607DF4924E6299100F0C65B /* Main.storyboard */,
				564CCD4624F89BBF00F3ECD0 /* designableView.swift */,
				56FBD2C124F04DD100DDF5BA /* LocationSelectVC.swift */,
				56FBD2BF24F0353F00DDF5BA /* NewListingVC.swift */,
				561A66F724EC6F6A00E4E29E /* ListingInfoViewController.swift */,
				5607DF4C24E6299500F0C65B /* Assets.xcassets */,
				5607DF4E24E6299500F0C65B /* LaunchScreen.storyboard */,
				5607DF5124E6299500F0C65B /* Info.plist */,
			);
			path = CribSwap;
			sourceTree = "<group>";
		};
		5607DF5924E6299500F0C65B /* CribSwapTests */ = {
			isa = PBXGroup;
			children = (
				5607DF5A24E6299500F0C65B /* CribSwapTests.swift */,
				5607DF5C24E6299500F0C65B /* Info.plist */,
			);
			path = CribSwapTests;
			sourceTree = "<group>";
		};
		5607DF6424E6299500F0C65B /* CribSwapUITests */ = {
			isa = PBXGroup;
			children = (
				5607DF6524E6299500F0C65B /* CribSwapUITests.swift */,
				5607DF6724E6299500F0C65B /* Info.plist */,
			);
			path = CribSwapUITests;
			sourceTree = "<group>";
		};
		6162F2C6B729ACF1753DC45F /* Pods */ = {
			isa = PBXGroup;
			children = (
				9EE637057653BC2962393493 /* Pods-CribSwap.debug.xcconfig */,
				8D559D19AD9D5A0E04642E38 /* Pods-CribSwap.release.xcconfig */,
				BDB4312D8DCF5C50EEE01984 /* Pods-CribSwap-CribSwapUITests.debug.xcconfig */,
				2761D336A2FA1FF539A1CC1A /* Pods-CribSwap-CribSwapUITests.release.xcconfig */,
				9B479ED2E24A5CD0FA1108C6 /* Pods-CribSwapTests.debug.xcconfig */,
				588DD32ECAB9AE3C37B5A0CD /* Pods-CribSwapTests.release.xcconfig */,
			);
			path = Pods;
			sourceTree = "<group>";
		};
/* End PBXGroup section */

/* Begin PBXNativeTarget section */
		5607DF3F24E6299100F0C65B /* CribSwap */ = {
			isa = PBXNativeTarget;
			buildConfigurationList = 5607DF6A24E6299500F0C65B /* Build configuration list for PBXNativeTarget "CribSwap" */;
			buildPhases = (
				A1BB0F8B8DBBB48000319C6E /* [CP] Check Pods Manifest.lock */,
				59B212AD4664AC2009548350 /* [CP] Prepare Artifacts */,
				5607DF3C24E6299100F0C65B /* Sources */,
				5607DF3D24E6299100F0C65B /* Frameworks */,
				5607DF3E24E6299100F0C65B /* Resources */,
				E3FE98EB283B39DE2B73DA42 /* [CP] Embed Pods Frameworks */,
				8EA0531049B76E92BE97F88D /* [CP] Copy Pods Resources */,
			);
			buildRules = (
			);
			dependencies = (
			);
			name = CribSwap;
			productName = CribSwap;
			productReference = 5607DF4024E6299100F0C65B /* CribSwap.app */;
			productType = "com.apple.product-type.application";
		};
		5607DF5524E6299500F0C65B /* CribSwapTests */ = {
			isa = PBXNativeTarget;
			buildConfigurationList = 5607DF6D24E6299500F0C65B /* Build configuration list for PBXNativeTarget "CribSwapTests" */;
			buildPhases = (
				B42FB23B74A1FD0FF0BCAB3D /* [CP] Check Pods Manifest.lock */,
				59866603F179A540F7AFFABA /* [CP] Prepare Artifacts */,
				5607DF5224E6299500F0C65B /* Sources */,
				5607DF5324E6299500F0C65B /* Frameworks */,
				5607DF5424E6299500F0C65B /* Resources */,
				B36ABE93C9588F0D57057AEC /* [CP] Embed Pods Frameworks */,
				7293E9657E5232F53C6927B6 /* [CP] Copy Pods Resources */,
			);
			buildRules = (
			);
			dependencies = (
				5607DF5824E6299500F0C65B /* PBXTargetDependency */,
			);
			name = CribSwapTests;
			productName = CribSwapTests;
			productReference = 5607DF5624E6299500F0C65B /* CribSwapTests.xctest */;
			productType = "com.apple.product-type.bundle.unit-test";
		};
		5607DF6024E6299500F0C65B /* CribSwapUITests */ = {
			isa = PBXNativeTarget;
			buildConfigurationList = 5607DF7024E6299500F0C65B /* Build configuration list for PBXNativeTarget "CribSwapUITests" */;
			buildPhases = (
				35028CDA92C82E3F7181658F /* [CP] Check Pods Manifest.lock */,
				5148531E399F325F6FB319E8 /* [CP] Prepare Artifacts */,
				5607DF5D24E6299500F0C65B /* Sources */,
				5607DF5E24E6299500F0C65B /* Frameworks */,
				5607DF5F24E6299500F0C65B /* Resources */,
				AD6EDB787D561224D5BDBBE9 /* [CP] Embed Pods Frameworks */,
				C68A172995926F3458A43412 /* [CP] Copy Pods Resources */,
			);
			buildRules = (
			);
			dependencies = (
				5607DF6324E6299500F0C65B /* PBXTargetDependency */,
			);
			name = CribSwapUITests;
			productName = CribSwapUITests;
			productReference = 5607DF6124E6299500F0C65B /* CribSwapUITests.xctest */;
			productType = "com.apple.product-type.bundle.ui-testing";
		};
/* End PBXNativeTarget section */

/* Begin PBXProject section */
		5607DF3824E6299100F0C65B /* Project object */ = {
			isa = PBXProject;
			attributes = {
				LastSwiftUpdateCheck = 1150;
				LastUpgradeCheck = 1150;
				ORGANIZATIONNAME = "Jack Wittmayer";
				TargetAttributes = {
					5607DF3F24E6299100F0C65B = {
						CreatedOnToolsVersion = 11.5;
					};
					5607DF5524E6299500F0C65B = {
						CreatedOnToolsVersion = 11.5;
						TestTargetID = 5607DF3F24E6299100F0C65B;
					};
					5607DF6024E6299500F0C65B = {
						CreatedOnToolsVersion = 11.5;
						TestTargetID = 5607DF3F24E6299100F0C65B;
					};
				};
			};
			buildConfigurationList = 5607DF3B24E6299100F0C65B /* Build configuration list for PBXProject "CribSwap" */;
			compatibilityVersion = "Xcode 9.3";
			developmentRegion = en;
			hasScannedForEncodings = 0;
			knownRegions = (
				en,
				Base,
			);
			mainGroup = 5607DF3724E6299100F0C65B;
			productRefGroup = 5607DF4124E6299100F0C65B /* Products */;
			projectDirPath = "";
			projectRoot = "";
			targets = (
				5607DF3F24E6299100F0C65B /* CribSwap */,
				5607DF5524E6299500F0C65B /* CribSwapTests */,
				5607DF6024E6299500F0C65B /* CribSwapUITests */,
			);
		};
/* End PBXProject section */

/* Begin PBXResourcesBuildPhase section */
		5607DF3E24E6299100F0C65B /* Resources */ = {
			isa = PBXResourcesBuildPhase;
			buildActionMask = 2147483647;
			files = (
				5607DF5024E6299500F0C65B /* LaunchScreen.storyboard in Resources */,
				561A66FA24EE055B00E4E29E /* GoogleService-Info.plist in Resources */,
				5607DF4D24E6299500F0C65B /* Assets.xcassets in Resources */,
				5607DF4B24E6299100F0C65B /* Main.storyboard in Resources */,
			);
			runOnlyForDeploymentPostprocessing = 0;
		};
		5607DF5424E6299500F0C65B /* Resources */ = {
			isa = PBXResourcesBuildPhase;
			buildActionMask = 2147483647;
			files = (
			);
			runOnlyForDeploymentPostprocessing = 0;
		};
		5607DF5F24E6299500F0C65B /* Resources */ = {
			isa = PBXResourcesBuildPhase;
			buildActionMask = 2147483647;
			files = (
			);
			runOnlyForDeploymentPostprocessing = 0;
		};
/* End PBXResourcesBuildPhase section */

/* Begin PBXShellScriptBuildPhase section */
		35028CDA92C82E3F7181658F /* [CP] Check Pods Manifest.lock */ = {
			isa = PBXShellScriptBuildPhase;
			buildActionMask = 2147483647;
			files = (
			);
			inputFileListPaths = (
			);
			inputPaths = (
				"${PODS_PODFILE_DIR_PATH}/Podfile.lock",
				"${PODS_ROOT}/Manifest.lock",
			);
			name = "[CP] Check Pods Manifest.lock";
			outputFileListPaths = (
			);
			outputPaths = (
				"$(DERIVED_FILE_DIR)/Pods-CribSwap-CribSwapUITests-checkManifestLockResult.txt",
			);
			runOnlyForDeploymentPostprocessing = 0;
			shellPath = /bin/sh;
			shellScript = "diff \"${PODS_PODFILE_DIR_PATH}/Podfile.lock\" \"${PODS_ROOT}/Manifest.lock\" > /dev/null\nif [ $? != 0 ] ; then\n    # print error to STDERR\n    echo \"error: The sandbox is not in sync with the Podfile.lock. Run 'pod install' or update your CocoaPods installation.\" >&2\n    exit 1\nfi\n# This output is used by Xcode 'outputs' to avoid re-running this script phase.\necho \"SUCCESS\" > \"${SCRIPT_OUTPUT_FILE_0}\"\n";
			showEnvVarsInLog = 0;
		};
		5148531E399F325F6FB319E8 /* [CP] Prepare Artifacts */ = {
			isa = PBXShellScriptBuildPhase;
			buildActionMask = 2147483647;
			files = (
			);
			inputFileListPaths = (
				"${PODS_ROOT}/Target Support Files/Pods-CribSwap-CribSwapUITests/Pods-CribSwap-CribSwapUITests-artifacts-${CONFIGURATION}-input-files.xcfilelist",
			);
			name = "[CP] Prepare Artifacts";
			outputFileListPaths = (
				"${PODS_ROOT}/Target Support Files/Pods-CribSwap-CribSwapUITests/Pods-CribSwap-CribSwapUITests-artifacts-${CONFIGURATION}-output-files.xcfilelist",
			);
			runOnlyForDeploymentPostprocessing = 0;
			shellPath = /bin/sh;
			shellScript = "\"${PODS_ROOT}/Target Support Files/Pods-CribSwap-CribSwapUITests/Pods-CribSwap-CribSwapUITests-artifacts.sh\"\n";
			showEnvVarsInLog = 0;
		};
		59866603F179A540F7AFFABA /* [CP] Prepare Artifacts */ = {
			isa = PBXShellScriptBuildPhase;
			buildActionMask = 2147483647;
			files = (
			);
			inputFileListPaths = (
				"${PODS_ROOT}/Target Support Files/Pods-CribSwapTests/Pods-CribSwapTests-artifacts-${CONFIGURATION}-input-files.xcfilelist",
			);
			name = "[CP] Prepare Artifacts";
			outputFileListPaths = (
				"${PODS_ROOT}/Target Support Files/Pods-CribSwapTests/Pods-CribSwapTests-artifacts-${CONFIGURATION}-output-files.xcfilelist",
			);
			runOnlyForDeploymentPostprocessing = 0;
			shellPath = /bin/sh;
			shellScript = "\"${PODS_ROOT}/Target Support Files/Pods-CribSwapTests/Pods-CribSwapTests-artifacts.sh\"\n";
			showEnvVarsInLog = 0;
		};
		59B212AD4664AC2009548350 /* [CP] Prepare Artifacts */ = {
			isa = PBXShellScriptBuildPhase;
			buildActionMask = 2147483647;
			files = (
			);
			inputFileListPaths = (
				"${PODS_ROOT}/Target Support Files/Pods-CribSwap/Pods-CribSwap-artifacts-${CONFIGURATION}-input-files.xcfilelist",
			);
			name = "[CP] Prepare Artifacts";
			outputFileListPaths = (
				"${PODS_ROOT}/Target Support Files/Pods-CribSwap/Pods-CribSwap-artifacts-${CONFIGURATION}-output-files.xcfilelist",
			);
			runOnlyForDeploymentPostprocessing = 0;
			shellPath = /bin/sh;
			shellScript = "\"${PODS_ROOT}/Target Support Files/Pods-CribSwap/Pods-CribSwap-artifacts.sh\"\n";
			showEnvVarsInLog = 0;
		};
		7293E9657E5232F53C6927B6 /* [CP] Copy Pods Resources */ = {
			isa = PBXShellScriptBuildPhase;
			buildActionMask = 2147483647;
			files = (
			);
			inputFileListPaths = (
				"${PODS_ROOT}/Target Support Files/Pods-CribSwapTests/Pods-CribSwapTests-resources-${CONFIGURATION}-input-files.xcfilelist",
			);
			name = "[CP] Copy Pods Resources";
			outputFileListPaths = (
				"${PODS_ROOT}/Target Support Files/Pods-CribSwapTests/Pods-CribSwapTests-resources-${CONFIGURATION}-output-files.xcfilelist",
			);
			runOnlyForDeploymentPostprocessing = 0;
			shellPath = /bin/sh;
			shellScript = "\"${PODS_ROOT}/Target Support Files/Pods-CribSwapTests/Pods-CribSwapTests-resources.sh\"\n";
			showEnvVarsInLog = 0;
		};
		8EA0531049B76E92BE97F88D /* [CP] Copy Pods Resources */ = {
			isa = PBXShellScriptBuildPhase;
			buildActionMask = 2147483647;
			files = (
			);
			inputFileListPaths = (
				"${PODS_ROOT}/Target Support Files/Pods-CribSwap/Pods-CribSwap-resources-${CONFIGURATION}-input-files.xcfilelist",
			);
			name = "[CP] Copy Pods Resources";
			outputFileListPaths = (
				"${PODS_ROOT}/Target Support Files/Pods-CribSwap/Pods-CribSwap-resources-${CONFIGURATION}-output-files.xcfilelist",
			);
			runOnlyForDeploymentPostprocessing = 0;
			shellPath = /bin/sh;
			shellScript = "\"${PODS_ROOT}/Target Support Files/Pods-CribSwap/Pods-CribSwap-resources.sh\"\n";
			showEnvVarsInLog = 0;
		};
		A1BB0F8B8DBBB48000319C6E /* [CP] Check Pods Manifest.lock */ = {
			isa = PBXShellScriptBuildPhase;
			buildActionMask = 2147483647;
			files = (
			);
			inputFileListPaths = (
			);
			inputPaths = (
				"${PODS_PODFILE_DIR_PATH}/Podfile.lock",
				"${PODS_ROOT}/Manifest.lock",
			);
			name = "[CP] Check Pods Manifest.lock";
			outputFileListPaths = (
			);
			outputPaths = (
				"$(DERIVED_FILE_DIR)/Pods-CribSwap-checkManifestLockResult.txt",
			);
			runOnlyForDeploymentPostprocessing = 0;
			shellPath = /bin/sh;
			shellScript = "diff \"${PODS_PODFILE_DIR_PATH}/Podfile.lock\" \"${PODS_ROOT}/Manifest.lock\" > /dev/null\nif [ $? != 0 ] ; then\n    # print error to STDERR\n    echo \"error: The sandbox is not in sync with the Podfile.lock. Run 'pod install' or update your CocoaPods installation.\" >&2\n    exit 1\nfi\n# This output is used by Xcode 'outputs' to avoid re-running this script phase.\necho \"SUCCESS\" > \"${SCRIPT_OUTPUT_FILE_0}\"\n";
			showEnvVarsInLog = 0;
		};
		AD6EDB787D561224D5BDBBE9 /* [CP] Embed Pods Frameworks */ = {
			isa = PBXShellScriptBuildPhase;
			buildActionMask = 2147483647;
			files = (
			);
			inputFileListPaths = (
				"${PODS_ROOT}/Target Support Files/Pods-CribSwap-CribSwapUITests/Pods-CribSwap-CribSwapUITests-frameworks-${CONFIGURATION}-input-files.xcfilelist",
			);
			name = "[CP] Embed Pods Frameworks";
			outputFileListPaths = (
				"${PODS_ROOT}/Target Support Files/Pods-CribSwap-CribSwapUITests/Pods-CribSwap-CribSwapUITests-frameworks-${CONFIGURATION}-output-files.xcfilelist",
			);
			runOnlyForDeploymentPostprocessing = 0;
			shellPath = /bin/sh;
			shellScript = "\"${PODS_ROOT}/Target Support Files/Pods-CribSwap-CribSwapUITests/Pods-CribSwap-CribSwapUITests-frameworks.sh\"\n";
			showEnvVarsInLog = 0;
		};
		B36ABE93C9588F0D57057AEC /* [CP] Embed Pods Frameworks */ = {
			isa = PBXShellScriptBuildPhase;
			buildActionMask = 2147483647;
			files = (
			);
			inputFileListPaths = (
				"${PODS_ROOT}/Target Support Files/Pods-CribSwapTests/Pods-CribSwapTests-frameworks-${CONFIGURATION}-input-files.xcfilelist",
			);
			name = "[CP] Embed Pods Frameworks";
			outputFileListPaths = (
				"${PODS_ROOT}/Target Support Files/Pods-CribSwapTests/Pods-CribSwapTests-frameworks-${CONFIGURATION}-output-files.xcfilelist",
			);
			runOnlyForDeploymentPostprocessing = 0;
			shellPath = /bin/sh;
			shellScript = "\"${PODS_ROOT}/Target Support Files/Pods-CribSwapTests/Pods-CribSwapTests-frameworks.sh\"\n";
			showEnvVarsInLog = 0;
		};
		B42FB23B74A1FD0FF0BCAB3D /* [CP] Check Pods Manifest.lock */ = {
			isa = PBXShellScriptBuildPhase;
			buildActionMask = 2147483647;
			files = (
			);
			inputFileListPaths = (
			);
			inputPaths = (
				"${PODS_PODFILE_DIR_PATH}/Podfile.lock",
				"${PODS_ROOT}/Manifest.lock",
			);
			name = "[CP] Check Pods Manifest.lock";
			outputFileListPaths = (
			);
			outputPaths = (
				"$(DERIVED_FILE_DIR)/Pods-CribSwapTests-checkManifestLockResult.txt",
			);
			runOnlyForDeploymentPostprocessing = 0;
			shellPath = /bin/sh;
			shellScript = "diff \"${PODS_PODFILE_DIR_PATH}/Podfile.lock\" \"${PODS_ROOT}/Manifest.lock\" > /dev/null\nif [ $? != 0 ] ; then\n    # print error to STDERR\n    echo \"error: The sandbox is not in sync with the Podfile.lock. Run 'pod install' or update your CocoaPods installation.\" >&2\n    exit 1\nfi\n# This output is used by Xcode 'outputs' to avoid re-running this script phase.\necho \"SUCCESS\" > \"${SCRIPT_OUTPUT_FILE_0}\"\n";
			showEnvVarsInLog = 0;
		};
		C68A172995926F3458A43412 /* [CP] Copy Pods Resources */ = {
			isa = PBXShellScriptBuildPhase;
			buildActionMask = 2147483647;
			files = (
			);
			inputFileListPaths = (
				"${PODS_ROOT}/Target Support Files/Pods-CribSwap-CribSwapUITests/Pods-CribSwap-CribSwapUITests-resources-${CONFIGURATION}-input-files.xcfilelist",
			);
			name = "[CP] Copy Pods Resources";
			outputFileListPaths = (
				"${PODS_ROOT}/Target Support Files/Pods-CribSwap-CribSwapUITests/Pods-CribSwap-CribSwapUITests-resources-${CONFIGURATION}-output-files.xcfilelist",
			);
			runOnlyForDeploymentPostprocessing = 0;
			shellPath = /bin/sh;
			shellScript = "\"${PODS_ROOT}/Target Support Files/Pods-CribSwap-CribSwapUITests/Pods-CribSwap-CribSwapUITests-resources.sh\"\n";
			showEnvVarsInLog = 0;
		};
		E3FE98EB283B39DE2B73DA42 /* [CP] Embed Pods Frameworks */ = {
			isa = PBXShellScriptBuildPhase;
			buildActionMask = 2147483647;
			files = (
			);
			inputFileListPaths = (
				"${PODS_ROOT}/Target Support Files/Pods-CribSwap/Pods-CribSwap-frameworks-${CONFIGURATION}-input-files.xcfilelist",
			);
			name = "[CP] Embed Pods Frameworks";
			outputFileListPaths = (
				"${PODS_ROOT}/Target Support Files/Pods-CribSwap/Pods-CribSwap-frameworks-${CONFIGURATION}-output-files.xcfilelist",
			);
			runOnlyForDeploymentPostprocessing = 0;
			shellPath = /bin/sh;
			shellScript = "\"${PODS_ROOT}/Target Support Files/Pods-CribSwap/Pods-CribSwap-frameworks.sh\"\n";
			showEnvVarsInLog = 0;
		};
/* End PBXShellScriptBuildPhase section */

/* Begin PBXSourcesBuildPhase section */
		5607DF3C24E6299100F0C65B /* Sources */ = {
			isa = PBXSourcesBuildPhase;
			buildActionMask = 2147483647;
			files = (
				561A66F624EC3FA800E4E29E /* ListingCell.swift in Sources */,
				564CCD4724F89BBF00F3ECD0 /* designableView.swift in Sources */,
				5607DF4824E6299100F0C65B /* ListingViewController.swift in Sources */,
				5607DF4424E6299100F0C65B /* AppDelegate.swift in Sources */,
				56FBD2C224F04DD100DDF5BA /* LocationSelectVC.swift in Sources */,
				569B63C824EB61E700B434A3 /* Listing.swift in Sources */,
				5607DF4624E6299100F0C65B /* SceneDelegate.swift in Sources */,
				56FBD2C024F0353F00DDF5BA /* NewListingVC.swift in Sources */,
				561A66F824EC6F6A00E4E29E /* ListingInfoViewController.swift in Sources */,
			);
			runOnlyForDeploymentPostprocessing = 0;
		};
		5607DF5224E6299500F0C65B /* Sources */ = {
			isa = PBXSourcesBuildPhase;
			buildActionMask = 2147483647;
			files = (
				5607DF5B24E6299500F0C65B /* CribSwapTests.swift in Sources */,
			);
			runOnlyForDeploymentPostprocessing = 0;
		};
		5607DF5D24E6299500F0C65B /* Sources */ = {
			isa = PBXSourcesBuildPhase;
			buildActionMask = 2147483647;
			files = (
				5607DF6624E6299500F0C65B /* CribSwapUITests.swift in Sources */,
			);
			runOnlyForDeploymentPostprocessing = 0;
		};
/* End PBXSourcesBuildPhase section */

/* Begin PBXTargetDependency section */
		5607DF5824E6299500F0C65B /* PBXTargetDependency */ = {
			isa = PBXTargetDependency;
			target = 5607DF3F24E6299100F0C65B /* CribSwap */;
			targetProxy = 5607DF5724E6299500F0C65B /* PBXContainerItemProxy */;
		};
		5607DF6324E6299500F0C65B /* PBXTargetDependency */ = {
			isa = PBXTargetDependency;
			target = 5607DF3F24E6299100F0C65B /* CribSwap */;
			targetProxy = 5607DF6224E6299500F0C65B /* PBXContainerItemProxy */;
		};
/* End PBXTargetDependency section */

/* Begin PBXVariantGroup section */
		5607DF4924E6299100F0C65B /* Main.storyboard */ = {
			isa = PBXVariantGroup;
			children = (
				5607DF4A24E6299100F0C65B /* Base */,
			);
			name = Main.storyboard;
			sourceTree = "<group>";
		};
		5607DF4E24E6299500F0C65B /* LaunchScreen.storyboard */ = {
			isa = PBXVariantGroup;
			children = (
				5607DF4F24E6299500F0C65B /* Base */,
			);
			name = LaunchScreen.storyboard;
			sourceTree = "<group>";
		};
/* End PBXVariantGroup section */

/* Begin XCBuildConfiguration section */
		5607DF6824E6299500F0C65B /* Debug */ = {
			isa = XCBuildConfiguration;
			buildSettings = {
				ALWAYS_SEARCH_USER_PATHS = NO;
				CLANG_ANALYZER_NONNULL = YES;
				CLANG_ANALYZER_NUMBER_OBJECT_CONVERSION = YES_AGGRESSIVE;
				CLANG_CXX_LANGUAGE_STANDARD = "gnu++14";
				CLANG_CXX_LIBRARY = "libc++";
				CLANG_ENABLE_MODULES = YES;
				CLANG_ENABLE_OBJC_ARC = YES;
				CLANG_ENABLE_OBJC_WEAK = YES;
				CLANG_WARN_BLOCK_CAPTURE_AUTORELEASING = YES;
				CLANG_WARN_BOOL_CONVERSION = YES;
				CLANG_WARN_COMMA = YES;
				CLANG_WARN_CONSTANT_CONVERSION = YES;
				CLANG_WARN_DEPRECATED_OBJC_IMPLEMENTATIONS = YES;
				CLANG_WARN_DIRECT_OBJC_ISA_USAGE = YES_ERROR;
				CLANG_WARN_DOCUMENTATION_COMMENTS = YES;
				CLANG_WARN_EMPTY_BODY = YES;
				CLANG_WARN_ENUM_CONVERSION = YES;
				CLANG_WARN_INFINITE_RECURSION = YES;
				CLANG_WARN_INT_CONVERSION = YES;
				CLANG_WARN_NON_LITERAL_NULL_CONVERSION = YES;
				CLANG_WARN_OBJC_IMPLICIT_RETAIN_SELF = YES;
				CLANG_WARN_OBJC_LITERAL_CONVERSION = YES;
				CLANG_WARN_OBJC_ROOT_CLASS = YES_ERROR;
				CLANG_WARN_RANGE_LOOP_ANALYSIS = YES;
				CLANG_WARN_STRICT_PROTOTYPES = YES;
				CLANG_WARN_SUSPICIOUS_MOVE = YES;
				CLANG_WARN_UNGUARDED_AVAILABILITY = YES_AGGRESSIVE;
				CLANG_WARN_UNREACHABLE_CODE = YES;
				CLANG_WARN__DUPLICATE_METHOD_MATCH = YES;
				COPY_PHASE_STRIP = NO;
				DEBUG_INFORMATION_FORMAT = dwarf;
				ENABLE_STRICT_OBJC_MSGSEND = YES;
				ENABLE_TESTABILITY = YES;
				GCC_C_LANGUAGE_STANDARD = gnu11;
				GCC_DYNAMIC_NO_PIC = NO;
				GCC_NO_COMMON_BLOCKS = YES;
				GCC_OPTIMIZATION_LEVEL = 0;
				GCC_PREPROCESSOR_DEFINITIONS = (
					"DEBUG=1",
					"$(inherited)",
				);
				GCC_WARN_64_TO_32_BIT_CONVERSION = YES;
				GCC_WARN_ABOUT_RETURN_TYPE = YES_ERROR;
				GCC_WARN_UNDECLARED_SELECTOR = YES;
				GCC_WARN_UNINITIALIZED_AUTOS = YES_AGGRESSIVE;
				GCC_WARN_UNUSED_FUNCTION = YES;
				GCC_WARN_UNUSED_VARIABLE = YES;
				IPHONEOS_DEPLOYMENT_TARGET = 13.5;
				MTL_ENABLE_DEBUG_INFO = INCLUDE_SOURCE;
				MTL_FAST_MATH = YES;
				ONLY_ACTIVE_ARCH = YES;
				SDKROOT = iphoneos;
				SWIFT_ACTIVE_COMPILATION_CONDITIONS = DEBUG;
				SWIFT_OPTIMIZATION_LEVEL = "-Onone";
			};
			name = Debug;
		};
		5607DF6924E6299500F0C65B /* Release */ = {
			isa = XCBuildConfiguration;
			buildSettings = {
				ALWAYS_SEARCH_USER_PATHS = NO;
				CLANG_ANALYZER_NONNULL = YES;
				CLANG_ANALYZER_NUMBER_OBJECT_CONVERSION = YES_AGGRESSIVE;
				CLANG_CXX_LANGUAGE_STANDARD = "gnu++14";
				CLANG_CXX_LIBRARY = "libc++";
				CLANG_ENABLE_MODULES = YES;
				CLANG_ENABLE_OBJC_ARC = YES;
				CLANG_ENABLE_OBJC_WEAK = YES;
				CLANG_WARN_BLOCK_CAPTURE_AUTORELEASING = YES;
				CLANG_WARN_BOOL_CONVERSION = YES;
				CLANG_WARN_COMMA = YES;
				CLANG_WARN_CONSTANT_CONVERSION = YES;
				CLANG_WARN_DEPRECATED_OBJC_IMPLEMENTATIONS = YES;
				CLANG_WARN_DIRECT_OBJC_ISA_USAGE = YES_ERROR;
				CLANG_WARN_DOCUMENTATION_COMMENTS = YES;
				CLANG_WARN_EMPTY_BODY = YES;
				CLANG_WARN_ENUM_CONVERSION = YES;
				CLANG_WARN_INFINITE_RECURSION = YES;
				CLANG_WARN_INT_CONVERSION = YES;
				CLANG_WARN_NON_LITERAL_NULL_CONVERSION = YES;
				CLANG_WARN_OBJC_IMPLICIT_RETAIN_SELF = YES;
				CLANG_WARN_OBJC_LITERAL_CONVERSION = YES;
				CLANG_WARN_OBJC_ROOT_CLASS = YES_ERROR;
				CLANG_WARN_RANGE_LOOP_ANALYSIS = YES;
				CLANG_WARN_STRICT_PROTOTYPES = YES;
				CLANG_WARN_SUSPICIOUS_MOVE = YES;
				CLANG_WARN_UNGUARDED_AVAILABILITY = YES_AGGRESSIVE;
				CLANG_WARN_UNREACHABLE_CODE = YES;
				CLANG_WARN__DUPLICATE_METHOD_MATCH = YES;
				COPY_PHASE_STRIP = NO;
				DEBUG_INFORMATION_FORMAT = "dwarf-with-dsym";
				ENABLE_NS_ASSERTIONS = NO;
				ENABLE_STRICT_OBJC_MSGSEND = YES;
				GCC_C_LANGUAGE_STANDARD = gnu11;
				GCC_NO_COMMON_BLOCKS = YES;
				GCC_WARN_64_TO_32_BIT_CONVERSION = YES;
				GCC_WARN_ABOUT_RETURN_TYPE = YES_ERROR;
				GCC_WARN_UNDECLARED_SELECTOR = YES;
				GCC_WARN_UNINITIALIZED_AUTOS = YES_AGGRESSIVE;
				GCC_WARN_UNUSED_FUNCTION = YES;
				GCC_WARN_UNUSED_VARIABLE = YES;
				IPHONEOS_DEPLOYMENT_TARGET = 13.5;
				MTL_ENABLE_DEBUG_INFO = NO;
				MTL_FAST_MATH = YES;
				SDKROOT = iphoneos;
				SWIFT_COMPILATION_MODE = wholemodule;
				SWIFT_OPTIMIZATION_LEVEL = "-O";
				VALIDATE_PRODUCT = YES;
			};
			name = Release;
		};
		5607DF6B24E6299500F0C65B /* Debug */ = {
			isa = XCBuildConfiguration;
			baseConfigurationReference = 9EE637057653BC2962393493 /* Pods-CribSwap.debug.xcconfig */;
			buildSettings = {
				ASSETCATALOG_COMPILER_APPICON_NAME = AppIcon;
				CODE_SIGN_STYLE = Automatic;
				DEVELOPMENT_TEAM = 94D8MG3RU7;
				INFOPLIST_FILE = CribSwap/Info.plist;
				IPHONEOS_DEPLOYMENT_TARGET = 13.3;
				LD_RUNPATH_SEARCH_PATHS = (
					"$(inherited)",
					"@executable_path/Frameworks",
				);
				PRODUCT_BUNDLE_IDENTIFIER = com.CribSwap.CribSwap;
				PRODUCT_NAME = "$(TARGET_NAME)";
				SWIFT_VERSION = 5.0;
				TARGETED_DEVICE_FAMILY = "1,2";
			};
			name = Debug;
		};
		5607DF6C24E6299500F0C65B /* Release */ = {
			isa = XCBuildConfiguration;
			baseConfigurationReference = 8D559D19AD9D5A0E04642E38 /* Pods-CribSwap.release.xcconfig */;
			buildSettings = {
				ASSETCATALOG_COMPILER_APPICON_NAME = AppIcon;
				CODE_SIGN_STYLE = Automatic;
				DEVELOPMENT_TEAM = 94D8MG3RU7;
				INFOPLIST_FILE = CribSwap/Info.plist;
				IPHONEOS_DEPLOYMENT_TARGET = 13.3;
				LD_RUNPATH_SEARCH_PATHS = (
					"$(inherited)",
					"@executable_path/Frameworks",
				);
				PRODUCT_BUNDLE_IDENTIFIER = com.CribSwap.CribSwap;
				PRODUCT_NAME = "$(TARGET_NAME)";
				SWIFT_VERSION = 5.0;
				TARGETED_DEVICE_FAMILY = "1,2";
			};
			name = Release;
		};
		5607DF6E24E6299500F0C65B /* Debug */ = {
			isa = XCBuildConfiguration;
			baseConfigurationReference = 9B479ED2E24A5CD0FA1108C6 /* Pods-CribSwapTests.debug.xcconfig */;
			buildSettings = {
				ALWAYS_EMBED_SWIFT_STANDARD_LIBRARIES = YES;
				BUNDLE_LOADER = "$(TEST_HOST)";
				CODE_SIGN_STYLE = Automatic;
				DEVELOPMENT_TEAM = 94D8MG3RU7;
				INFOPLIST_FILE = CribSwapTests/Info.plist;
				IPHONEOS_DEPLOYMENT_TARGET = 13.5;
				LD_RUNPATH_SEARCH_PATHS = (
					"$(inherited)",
					"@executable_path/Frameworks",
					"@loader_path/Frameworks",
				);
				PRODUCT_BUNDLE_IDENTIFIER = com.CribSwap.CribSwapTests;
				PRODUCT_NAME = "$(TARGET_NAME)";
				SWIFT_VERSION = 5.0;
				TARGETED_DEVICE_FAMILY = "1,2";
				TEST_HOST = "$(BUILT_PRODUCTS_DIR)/CribSwap.app/CribSwap";
			};
			name = Debug;
		};
		5607DF6F24E6299500F0C65B /* Release */ = {
			isa = XCBuildConfiguration;
			baseConfigurationReference = 588DD32ECAB9AE3C37B5A0CD /* Pods-CribSwapTests.release.xcconfig */;
			buildSettings = {
				ALWAYS_EMBED_SWIFT_STANDARD_LIBRARIES = YES;
				BUNDLE_LOADER = "$(TEST_HOST)";
				CODE_SIGN_STYLE = Automatic;
				DEVELOPMENT_TEAM = 94D8MG3RU7;
				INFOPLIST_FILE = CribSwapTests/Info.plist;
				IPHONEOS_DEPLOYMENT_TARGET = 13.5;
				LD_RUNPATH_SEARCH_PATHS = (
					"$(inherited)",
					"@executable_path/Frameworks",
					"@loader_path/Frameworks",
				);
				PRODUCT_BUNDLE_IDENTIFIER = com.CribSwap.CribSwapTests;
				PRODUCT_NAME = "$(TARGET_NAME)";
				SWIFT_VERSION = 5.0;
				TARGETED_DEVICE_FAMILY = "1,2";
				TEST_HOST = "$(BUILT_PRODUCTS_DIR)/CribSwap.app/CribSwap";
			};
			name = Release;
		};
		5607DF7124E6299500F0C65B /* Debug */ = {
			isa = XCBuildConfiguration;
			baseConfigurationReference = BDB4312D8DCF5C50EEE01984 /* Pods-CribSwap-CribSwapUITests.debug.xcconfig */;
			buildSettings = {
				ALWAYS_EMBED_SWIFT_STANDARD_LIBRARIES = YES;
				CODE_SIGN_STYLE = Automatic;
				DEVELOPMENT_TEAM = 94D8MG3RU7;
				INFOPLIST_FILE = CribSwapUITests/Info.plist;
				LD_RUNPATH_SEARCH_PATHS = (
					"$(inherited)",
					"@executable_path/Frameworks",
					"@loader_path/Frameworks",
				);
				PRODUCT_BUNDLE_IDENTIFIER = com.CribSwap.CribSwapUITests;
				PRODUCT_NAME = "$(TARGET_NAME)";
				SWIFT_VERSION = 5.0;
				TARGETED_DEVICE_FAMILY = "1,2";
				TEST_TARGET_NAME = CribSwap;
			};
			name = Debug;
		};
		5607DF7224E6299500F0C65B /* Release */ = {
			isa = XCBuildConfiguration;
			baseConfigurationReference = 2761D336A2FA1FF539A1CC1A /* Pods-CribSwap-CribSwapUITests.release.xcconfig */;
			buildSettings = {
				ALWAYS_EMBED_SWIFT_STANDARD_LIBRARIES = YES;
				CODE_SIGN_STYLE = Automatic;
				DEVELOPMENT_TEAM = 94D8MG3RU7;
				INFOPLIST_FILE = CribSwapUITests/Info.plist;
				LD_RUNPATH_SEARCH_PATHS = (
					"$(inherited)",
					"@executable_path/Frameworks",
					"@loader_path/Frameworks",
				);
				PRODUCT_BUNDLE_IDENTIFIER = com.CribSwap.CribSwapUITests;
				PRODUCT_NAME = "$(TARGET_NAME)";
				SWIFT_VERSION = 5.0;
				TARGETED_DEVICE_FAMILY = "1,2";
				TEST_TARGET_NAME = CribSwap;
			};
			name = Release;
		};
/* End XCBuildConfiguration section */

/* Begin XCConfigurationList section */
		5607DF3B24E6299100F0C65B /* Build configuration list for PBXProject "CribSwap" */ = {
			isa = XCConfigurationList;
			buildConfigurations = (
				5607DF6824E6299500F0C65B /* Debug */,
				5607DF6924E6299500F0C65B /* Release */,
			);
			defaultConfigurationIsVisible = 0;
			defaultConfigurationName = Release;
		};
		5607DF6A24E6299500F0C65B /* Build configuration list for PBXNativeTarget "CribSwap" */ = {
			isa = XCConfigurationList;
			buildConfigurations = (
				5607DF6B24E6299500F0C65B /* Debug */,
				5607DF6C24E6299500F0C65B /* Release */,
			);
			defaultConfigurationIsVisible = 0;
			defaultConfigurationName = Release;
		};
		5607DF6D24E6299500F0C65B /* Build configuration list for PBXNativeTarget "CribSwapTests" */ = {
			isa = XCConfigurationList;
			buildConfigurations = (
				5607DF6E24E6299500F0C65B /* Debug */,
				5607DF6F24E6299500F0C65B /* Release */,
			);
			defaultConfigurationIsVisible = 0;
			defaultConfigurationName = Release;
		};
		5607DF7024E6299500F0C65B /* Build configuration list for PBXNativeTarget "CribSwapUITests" */ = {
			isa = XCConfigurationList;
			buildConfigurations = (
				5607DF7124E6299500F0C65B /* Debug */,
				5607DF7224E6299500F0C65B /* Release */,
			);
			defaultConfigurationIsVisible = 0;
			defaultConfigurationName = Release;
		};
/* End XCConfigurationList section */
	};
	rootObject = 5607DF3824E6299100F0C65B /* Project object */;
}
