// !$*UTF8*$!
{
	archiveVersion = 1;
	classes = {
	};
	objectVersion = 50;
	objects = {

/* Begin PBXBuildFile section */
		5607DF4424E6299100F0C65B /* AppDelegate.swift in Sources */ = {isa = PBXBuildFile; fileRef = 5607DF4324E6299100F0C65B /* AppDelegate.swift */; };
		5607DF4624E6299100F0C65B /* SceneDelegate.swift in Sources */ = {isa = PBXBuildFile; fileRef = 5607DF4524E6299100F0C65B /* SceneDelegate.swift */; };
		5607DF4824E6299100F0C65B /* ViewController.swift in Sources */ = {isa = PBXBuildFile; fileRef = 5607DF4724E6299100F0C65B /* ViewController.swift */; };
		5607DF4B24E6299100F0C65B /* Main.storyboard in Resources */ = {isa = PBXBuildFile; fileRef = 5607DF4924E6299100F0C65B /* Main.storyboard */; };
		5607DF4D24E6299500F0C65B /* Assets.xcassets in Resources */ = {isa = PBXBuildFile; fileRef = 5607DF4C24E6299500F0C65B /* Assets.xcassets */; };
		5607DF5024E6299500F0C65B /* LaunchScreen.storyboard in Resources */ = {isa = PBXBuildFile; fileRef = 5607DF4E24E6299500F0C65B /* LaunchScreen.storyboard */; };
		5607DF5B24E6299500F0C65B /* CribSwapTests.swift in Sources */ = {isa = PBXBuildFile; fileRef = 5607DF5A24E6299500F0C65B /* CribSwapTests.swift */; };
		5607DF6624E6299500F0C65B /* CribSwapUITests.swift in Sources */ = {isa = PBXBuildFile; fileRef = 5607DF6524E6299500F0C65B /* CribSwapUITests.swift */; };
/* End PBXBuildFile section */

/* Begin PBXContainerItemProxy section */
		5607DF5724E6299500F0C65B /* PBXContainerItemProxy */ = {
			isa = PBXContainerItemProxy;
			containerPortal = 5607DF3824E6299100F0C65B /* Project object */;
			proxyType = 1;
			remoteGlobalIDString = 5607DF3F24E6299100F0C65B;
			remoteInfo = CribSwap;
		};
		5607DF6224E6299500F0C65B /* PBXContainerItemProxy */ = {
			isa = PBXContainerItemProxy;
			containerPortal = 5607DF3824E6299100F0C65B /* Project object */;
			proxyType = 1;
			remoteGlobalIDString = 5607DF3F24E6299100F0C65B;
			remoteInfo = CribSwap;
		};
/* End PBXContainerItemProxy section */

/* Begin PBXFileReference section */
		5607DF4024E6299100F0C65B /* CribSwap.app */ = {isa = PBXFileReference; explicitFileType = wrapper.application; includeInIndex = 0; path = CribSwap.app; sourceTree = BUILT_PRODUCTS_DIR; };
		5607DF4324E6299100F0C65B /* AppDelegate.swift */ = {isa = PBXFileReference; lastKnownFileType = sourcecode.swift; path = AppDelegate.swift; sourceTree = "<group>"; };
		5607DF4524E6299100F0C65B /* SceneDelegate.swift */ = {isa = PBXFileReference; lastKnownFileType = sourcecode.swift; path = SceneDelegate.swift; sourceTree = "<group>"; };
		5607DF4724E6299100F0C65B /* ViewController.swift */ = {isa = PBXFileReference; lastKnownFileType = sourcecode.swift; path = ViewController.swift; sourceTree = "<group>"; };
		5607DF4A24E6299100F0C65B /* Base */ = {isa = PBXFileReference; lastKnownFileType = file.storyboard; name = Base; path = Base.lproj/Main.storyboard; sourceTree = "<group>"; };
		5607DF4C24E6299500F0C65B /* Assets.xcassets */ = {isa = PBXFileReference; lastKnownFileType = folder.assetcatalog; path = Assets.xcassets; sourceTree = "<group>"; };
		5607DF4F24E6299500F0C65B /* Base */ = {isa = PBXFileReference; lastKnownFileType = file.storyboard; name = Base; path = Base.lproj/LaunchScreen.storyboard; sourceTree = "<group>"; };
		5607DF5124E6299500F0C65B /* Info.plist */ = {isa = PBXFileReference; lastKnownFileType = text.plist.xml; path = Info.plist; sourceTree = "<group>"; };
		5607DF5624E6299500F0C65B /* CribSwapTests.xctest */ = {isa = PBXFileReference; explicitFileType = wrapper.cfbundle; includeInIndex = 0; path = CribSwapTests.xctest; sourceTree = BUILT_PRODUCTS_DIR; };
		5607DF5A24E6299500F0C65B /* CribSwapTests.swift */ = {isa = PBXFileReference; lastKnownFileType = sourcecode.swift; path = CribSwapTests.swift; sourceTree = "<group>"; };
		5607DF5C24E6299500F0C65B /* Info.plist */ = {isa = PBXFileReference; lastKnownFileType = text.plist.xml; path = Info.plist; sourceTree = "<group>"; };
		5607DF6124E6299500F0C65B /* CribSwapUITests.xctest */ = {isa = PBXFileReference; explicitFileType = wrapper.cfbundle; includeInIndex = 0; path = CribSwapUITests.xctest; sourceTree = BUILT_PRODUCTS_DIR; };
		5607DF6524E6299500F0C65B /* CribSwapUITests.swift */ = {isa = PBXFileReference; lastKnownFileType = sourcecode.swift; path = CribSwapUITests.swift; sourceTree = "<group>"; };
		5607DF6724E6299500F0C65B /* Info.plist */ = {isa = PBXFileReference; lastKnownFileType = text.plist.xml; path = Info.plist; sourceTree = "<group>"; };
/* End PBXFileReference section */

/* Begin PBXFrameworksBuildPhase section */
		5607DF3D24E6299100F0C65B /* Frameworks */ = {
			isa = PBXFrameworksBuildPhase;
			buildActionMask = 2147483647;
			files = (
			);
			runOnlyForDeploymentPostprocessing = 0;
		};
		5607DF5324E6299500F0C65B /* Frameworks */ = {
			isa = PBXFrameworksBuildPhase;
			buildActionMask = 2147483647;
			files = (
			);
			runOnlyForDeploymentPostprocessing = 0;
		};
		5607DF5E24E6299500F0C65B /* Frameworks */ = {
			isa = PBXFrameworksBuildPhase;
			buildActionMask = 2147483647;
			files = (
			);
			runOnlyForDeploymentPostprocessing = 0;
		};
/* End PBXFrameworksBuildPhase section */

/* Begin PBXGroup section */
		5607DF3724E6299100F0C65B = {
			isa = PBXGroup;
			children = (
				5607DF4224E6299100F0C65B /* CribSwap */,
				5607DF5924E6299500F0C65B /* CribSwapTests */,
				5607DF6424E6299500F0C65B /* CribSwapUITests */,
				5607DF4124E6299100F0C65B /* Products */,
			);
			sourceTree = "<group>";
		};
		5607DF4124E6299100F0C65B /* Products */ = {
			isa = PBXGroup;
			children = (
				5607DF4024E6299100F0C65B /* CribSwap.app */,
				5607DF5624E6299500F0C65B /* CribSwapTests.xctest */,
				5607DF6124E6299500F0C65B /* CribSwapUITests.xctest */,
			);
			name = Products;
			sourceTree = "<group>";
		};
		5607DF4224E6299100F0C65B /* CribSwap */ = {
			isa = PBXGroup;
			children = (
				5607DF4324E6299100F0C65B /* AppDelegate.swift */,
				5607DF4524E6299100F0C65B /* SceneDelegate.swift */,
				5607DF4724E6299100F0C65B /* ViewController.swift */,
				5607DF4924E6299100F0C65B /* Main.storyboard */,
				5607DF4C24E6299500F0C65B /* Assets.xcassets */,
				5607DF4E24E6299500F0C65B /* LaunchScreen.storyboard */,
				5607DF5124E6299500F0C65B /* Info.plist */,
			);
			path = CribSwap;
			sourceTree = "<group>";
		};
		5607DF5924E6299500F0C65B /* CribSwapTests */ = {
			isa = PBXGroup;
			children = (
				5607DF5A24E6299500F0C65B /* CribSwapTests.swift */,
				5607DF5C24E6299500F0C65B /* Info.plist */,
			);
			path = CribSwapTests;
			sourceTree = "<group>";
		};
		5607DF6424E6299500F0C65B /* CribSwapUITests */ = {
			isa = PBXGroup;
			children = (
				5607DF6524E6299500F0C65B /* CribSwapUITests.swift */,
				5607DF6724E6299500F0C65B /* Info.plist */,
			);
			path = CribSwapUITests;
			sourceTree = "<group>";
		};
/* End PBXGroup section */

/* Begin PBXNativeTarget section */
		5607DF3F24E6299100F0C65B /* CribSwap */ = {
			isa = PBXNativeTarget;
			buildConfigurationList = 5607DF6A24E6299500F0C65B /* Build configuration list for PBXNativeTarget "CribSwap" */;
			buildPhases = (
				5607DF3C24E6299100F0C65B /* Sources */,
				5607DF3D24E6299100F0C65B /* Frameworks */,
				5607DF3E24E6299100F0C65B /* Resources */,
			);
			buildRules = (
			);
			dependencies = (
			);
			name = CribSwap;
			productName = CribSwap;
			productReference = 5607DF4024E6299100F0C65B /* CribSwap.app */;
			productType = "com.apple.product-type.application";
		};
		5607DF5524E6299500F0C65B /* CribSwapTests */ = {
			isa = PBXNativeTarget;
			buildConfigurationList = 5607DF6D24E6299500F0C65B /* Build configuration list for PBXNativeTarget "CribSwapTests" */;
			buildPhases = (
				5607DF5224E6299500F0C65B /* Sources */,
				5607DF5324E6299500F0C65B /* Frameworks */,
				5607DF5424E6299500F0C65B /* Resources */,
			);
			buildRules = (
			);
			dependencies = (
				5607DF5824E6299500F0C65B /* PBXTargetDependency */,
			);
			name = CribSwapTests;
			productName = CribSwapTests;
			productReference = 5607DF5624E6299500F0C65B /* CribSwapTests.xctest */;
			productType = "com.apple.product-type.bundle.unit-test";
		};
		5607DF6024E6299500F0C65B /* CribSwapUITests */ = {
			isa = PBXNativeTarget;
			buildConfigurationList = 5607DF7024E6299500F0C65B /* Build configuration list for PBXNativeTarget "CribSwapUITests" */;
			buildPhases = (
				5607DF5D24E6299500F0C65B /* Sources */,
				5607DF5E24E6299500F0C65B /* Frameworks */,
				5607DF5F24E6299500F0C65B /* Resources */,
			);
			buildRules = (
			);
			dependencies = (
				5607DF6324E6299500F0C65B /* PBXTargetDependency */,
			);
			name = CribSwapUITests;
			productName = CribSwapUITests;
			productReference = 5607DF6124E6299500F0C65B /* CribSwapUITests.xctest */;
			productType = "com.apple.product-type.bundle.ui-testing";
		};
/* End PBXNativeTarget section */

/* Begin PBXProject section */
		5607DF3824E6299100F0C65B /* Project object */ = {
			isa = PBXProject;
			attributes = {
				LastSwiftUpdateCheck = 1150;
				LastUpgradeCheck = 1150;
				ORGANIZATIONNAME = "Jack Wittmayer";
				TargetAttributes = {
					5607DF3F24E6299100F0C65B = {
						CreatedOnToolsVersion = 11.5;
					};
					5607DF5524E6299500F0C65B = {
						CreatedOnToolsVersion = 11.5;
						TestTargetID = 5607DF3F24E6299100F0C65B;
					};
					5607DF6024E6299500F0C65B = {
						CreatedOnToolsVersion = 11.5;
						TestTargetID = 5607DF3F24E6299100F0C65B;
					};
				};
			};
			buildConfigurationList = 5607DF3B24E6299100F0C65B /* Build configuration list for PBXProject "CribSwap" */;
			compatibilityVersion = "Xcode 9.3";
			developmentRegion = en;
			hasScannedForEncodings = 0;
			knownRegions = (
				en,
				Base,
			);
			mainGroup = 5607DF3724E6299100F0C65B;
			productRefGroup = 5607DF4124E6299100F0C65B /* Products */;
			projectDirPath = "";
			projectRoot = "";
			targets = (
				5607DF3F24E6299100F0C65B /* CribSwap */,
				5607DF5524E6299500F0C65B /* CribSwapTests */,
				5607DF6024E6299500F0C65B /* CribSwapUITests */,
			);
		};
/* End PBXProject section */

/* Begin PBXResourcesBuildPhase section */
		5607DF3E24E6299100F0C65B /* Resources */ = {
			isa = PBXResourcesBuildPhase;
			buildActionMask = 2147483647;
			files = (
				5607DF5024E6299500F0C65B /* LaunchScreen.storyboard in Resources */,
				5607DF4D24E6299500F0C65B /* Assets.xcassets in Resources */,
				5607DF4B24E6299100F0C65B /* Main.storyboard in Resources */,
			);
			runOnlyForDeploymentPostprocessing = 0;
		};
		5607DF5424E6299500F0C65B /* Resources */ = {
			isa = PBXResourcesBuildPhase;
			buildActionMask = 2147483647;
			files = (
			);
			runOnlyForDeploymentPostprocessing = 0;
		};
		5607DF5F24E6299500F0C65B /* Resources */ = {
			isa = PBXResourcesBuildPhase;
			buildActionMask = 2147483647;
			files = (
			);
			runOnlyForDeploymentPostprocessing = 0;
		};
/* End PBXResourcesBuildPhase section */

/* Begin PBXSourcesBuildPhase section */
		5607DF3C24E6299100F0C65B /* Sources */ = {
			isa = PBXSourcesBuildPhase;
			buildActionMask = 2147483647;
			files = (
				5607DF4824E6299100F0C65B /* ViewController.swift in Sources */,
				5607DF4424E6299100F0C65B /* AppDelegate.swift in Sources */,
				5607DF4624E6299100F0C65B /* SceneDelegate.swift in Sources */,
			);
			runOnlyForDeploymentPostprocessing = 0;
		};
		5607DF5224E6299500F0C65B /* Sources */ = {
			isa = PBXSourcesBuildPhase;
			buildActionMask = 2147483647;
			files = (
				5607DF5B24E6299500F0C65B /* CribSwapTests.swift in Sources */,
			);
			runOnlyForDeploymentPostprocessing = 0;
		};
		5607DF5D24E6299500F0C65B /* Sources */ = {
			isa = PBXSourcesBuildPhase;
			buildActionMask = 2147483647;
			files = (
				5607DF6624E6299500F0C65B /* CribSwapUITests.swift in Sources */,
			);
			runOnlyForDeploymentPostprocessing = 0;
		};
/* End PBXSourcesBuildPhase section */

/* Begin PBXTargetDependency section */
		5607DF5824E6299500F0C65B /* PBXTargetDependency */ = {
			isa = PBXTargetDependency;
			target = 5607DF3F24E6299100F0C65B /* CribSwap */;
			targetProxy = 5607DF5724E6299500F0C65B /* PBXContainerItemProxy */;
		};
		5607DF6324E6299500F0C65B /* PBXTargetDependency */ = {
			isa = PBXTargetDependency;
			target = 5607DF3F24E6299100F0C65B /* CribSwap */;
			targetProxy = 5607DF6224E6299500F0C65B /* PBXContainerItemProxy */;
		};
/* End PBXTargetDependency section */

/* Begin PBXVariantGroup section */
		5607DF4924E6299100F0C65B /* Main.storyboard */ = {
			isa = PBXVariantGroup;
			children = (
				5607DF4A24E6299100F0C65B /* Base */,
			);
			name = Main.storyboard;
			sourceTree = "<group>";
		};
		5607DF4E24E6299500F0C65B /* LaunchScreen.storyboard */ = {
			isa = PBXVariantGroup;
			children = (
				5607DF4F24E6299500F0C65B /* Base */,
			);
			name = LaunchScreen.storyboard;
			sourceTree = "<group>";
		};
/* End PBXVariantGroup section */

/* Begin XCBuildConfiguration section */
		5607DF6824E6299500F0C65B /* Debug */ = {
			isa = XCBuildConfiguration;
			buildSettings = {
				ALWAYS_SEARCH_USER_PATHS = NO;
				CLANG_ANALYZER_NONNULL = YES;
				CLANG_ANALYZER_NUMBER_OBJECT_CONVERSION = YES_AGGRESSIVE;
				CLANG_CXX_LANGUAGE_STANDARD = "gnu++14";
				CLANG_CXX_LIBRARY = "libc++";
				CLANG_ENABLE_MODULES = YES;
				CLANG_ENABLE_OBJC_ARC = YES;
				CLANG_ENABLE_OBJC_WEAK = YES;
				CLANG_WARN_BLOCK_CAPTURE_AUTORELEASING = YES;
				CLANG_WARN_BOOL_CONVERSION = YES;
				CLANG_WARN_COMMA = YES;
				CLANG_WARN_CONSTANT_CONVERSION = YES;
				CLANG_WARN_DEPRECATED_OBJC_IMPLEMENTATIONS = YES;
				CLANG_WARN_DIRECT_OBJC_ISA_USAGE = YES_ERROR;
				CLANG_WARN_DOCUMENTATION_COMMENTS = YES;
				CLANG_WARN_EMPTY_BODY = YES;
				CLANG_WARN_ENUM_CONVERSION = YES;
				CLANG_WARN_INFINITE_RECURSION = YES;
				CLANG_WARN_INT_CONVERSION = YES;
				CLANG_WARN_NON_LITERAL_NULL_CONVERSION = YES;
				CLANG_WARN_OBJC_IMPLICIT_RETAIN_SELF = YES;
				CLANG_WARN_OBJC_LITERAL_CONVERSION = YES;
				CLANG_WARN_OBJC_ROOT_CLASS = YES_ERROR;
				CLANG_WARN_RANGE_LOOP_ANALYSIS = YES;
				CLANG_WARN_STRICT_PROTOTYPES = YES;
				CLANG_WARN_SUSPICIOUS_MOVE = YES;
				CLANG_WARN_UNGUARDED_AVAILABILITY = YES_AGGRESSIVE;
				CLANG_WARN_UNREACHABLE_CODE = YES;
				CLANG_WARN__DUPLICATE_METHOD_MATCH = YES;
				COPY_PHASE_STRIP = NO;
				DEBUG_INFORMATION_FORMAT = dwarf;
				ENABLE_STRICT_OBJC_MSGSEND = YES;
				ENABLE_TESTABILITY = YES;
				GCC_C_LANGUAGE_STANDARD = gnu11;
				GCC_DYNAMIC_NO_PIC = NO;
				GCC_NO_COMMON_BLOCKS = YES;
				GCC_OPTIMIZATION_LEVEL = 0;
				GCC_PREPROCESSOR_DEFINITIONS = (
					"DEBUG=1",
					"$(inherited)",
				);
				GCC_WARN_64_TO_32_BIT_CONVERSION = YES;
				GCC_WARN_ABOUT_RETURN_TYPE = YES_ERROR;
				GCC_WARN_UNDECLARED_SELECTOR = YES;
				GCC_WARN_UNINITIALIZED_AUTOS = YES_AGGRESSIVE;
				GCC_WARN_UNUSED_FUNCTION = YES;
				GCC_WARN_UNUSED_VARIABLE = YES;
				IPHONEOS_DEPLOYMENT_TARGET = 13.5;
				MTL_ENABLE_DEBUG_INFO = INCLUDE_SOURCE;
				MTL_FAST_MATH = YES;
				ONLY_ACTIVE_ARCH = YES;
				SDKROOT = iphoneos;
				SWIFT_ACTIVE_COMPILATION_CONDITIONS = DEBUG;
				SWIFT_OPTIMIZATION_LEVEL = "-Onone";
			};
			name = Debug;
		};
		5607DF6924E6299500F0C65B /* Release */ = {
			isa = XCBuildConfiguration;
			buildSettings = {
				ALWAYS_SEARCH_USER_PATHS = NO;
				CLANG_ANALYZER_NONNULL = YES;
				CLANG_ANALYZER_NUMBER_OBJECT_CONVERSION = YES_AGGRESSIVE;
				CLANG_CXX_LANGUAGE_STANDARD = "gnu++14";
				CLANG_CXX_LIBRARY = "libc++";
				CLANG_ENABLE_MODULES = YES;
				CLANG_ENABLE_OBJC_ARC = YES;
				CLANG_ENABLE_OBJC_WEAK = YES;
				CLANG_WARN_BLOCK_CAPTURE_AUTORELEASING = YES;
				CLANG_WARN_BOOL_CONVERSION = YES;
				CLANG_WARN_COMMA = YES;
				CLANG_WARN_CONSTANT_CONVERSION = YES;
				CLANG_WARN_DEPRECATED_OBJC_IMPLEMENTATIONS = YES;
				CLANG_WARN_DIRECT_OBJC_ISA_USAGE = YES_ERROR;
				CLANG_WARN_DOCUMENTATION_COMMENTS = YES;
				CLANG_WARN_EMPTY_BODY = YES;
				CLANG_WARN_ENUM_CONVERSION = YES;
				CLANG_WARN_INFINITE_RECURSION = YES;
				CLANG_WARN_INT_CONVERSION = YES;
				CLANG_WARN_NON_LITERAL_NULL_CONVERSION = YES;
				CLANG_WARN_OBJC_IMPLICIT_RETAIN_SELF = YES;
				CLANG_WARN_OBJC_LITERAL_CONVERSION = YES;
				CLANG_WARN_OBJC_ROOT_CLASS = YES_ERROR;
				CLANG_WARN_RANGE_LOOP_ANALYSIS = YES;
				CLANG_WARN_STRICT_PROTOTYPES = YES;
				CLANG_WARN_SUSPICIOUS_MOVE = YES;
				CLANG_WARN_UNGUARDED_AVAILABILITY = YES_AGGRESSIVE;
				CLANG_WARN_UNREACHABLE_CODE = YES;
				CLANG_WARN__DUPLICATE_METHOD_MATCH = YES;
				COPY_PHASE_STRIP = NO;
				DEBUG_INFORMATION_FORMAT = "dwarf-with-dsym";
				ENABLE_NS_ASSERTIONS = NO;
				ENABLE_STRICT_OBJC_MSGSEND = YES;
				GCC_C_LANGUAGE_STANDARD = gnu11;
				GCC_NO_COMMON_BLOCKS = YES;
				GCC_WARN_64_TO_32_BIT_CONVERSION = YES;
				GCC_WARN_ABOUT_RETURN_TYPE = YES_ERROR;
				GCC_WARN_UNDECLARED_SELECTOR = YES;
				GCC_WARN_UNINITIALIZED_AUTOS = YES_AGGRESSIVE;
				GCC_WARN_UNUSED_FUNCTION = YES;
				GCC_WARN_UNUSED_VARIABLE = YES;
				IPHONEOS_DEPLOYMENT_TARGET = 13.5;
				MTL_ENABLE_DEBUG_INFO = NO;
				MTL_FAST_MATH = YES;
				SDKROOT = iphoneos;
				SWIFT_COMPILATION_MODE = wholemodule;
				SWIFT_OPTIMIZATION_LEVEL = "-O";
				VALIDATE_PRODUCT = YES;
			};
			name = Release;
		};
		5607DF6B24E6299500F0C65B /* Debug */ = {
			isa = XCBuildConfiguration;
			buildSettings = {
				ASSETCATALOG_COMPILER_APPICON_NAME = AppIcon;
				CODE_SIGN_STYLE = Automatic;
				DEVELOPMENT_TEAM = 94D8MG3RU7;
				INFOPLIST_FILE = CribSwap/Info.plist;
				LD_RUNPATH_SEARCH_PATHS = (
					"$(inherited)",
					"@executable_path/Frameworks",
				);
				PRODUCT_BUNDLE_IDENTIFIER = com.CribSwap.CribSwap;
				PRODUCT_NAME = "$(TARGET_NAME)";
				SWIFT_VERSION = 5.0;
				TARGETED_DEVICE_FAMILY = "1,2";
			};
			name = Debug;
		};
		5607DF6C24E6299500F0C65B /* Release */ = {
			isa = XCBuildConfiguration;
			buildSettings = {
				ASSETCATALOG_COMPILER_APPICON_NAME = AppIcon;
				CODE_SIGN_STYLE = Automatic;
				DEVELOPMENT_TEAM = 94D8MG3RU7;
				INFOPLIST_FILE = CribSwap/Info.plist;
				LD_RUNPATH_SEARCH_PATHS = (
					"$(inherited)",
					"@executable_path/Frameworks",
				);
				PRODUCT_BUNDLE_IDENTIFIER = com.CribSwap.CribSwap;
				PRODUCT_NAME = "$(TARGET_NAME)";
				SWIFT_VERSION = 5.0;
				TARGETED_DEVICE_FAMILY = "1,2";
			};
			name = Release;
		};
		5607DF6E24E6299500F0C65B /* Debug */ = {
			isa = XCBuildConfiguration;
			buildSettings = {
				ALWAYS_EMBED_SWIFT_STANDARD_LIBRARIES = YES;
				BUNDLE_LOADER = "$(TEST_HOST)";
				CODE_SIGN_STYLE = Automatic;
				DEVELOPMENT_TEAM = 94D8MG3RU7;
				INFOPLIST_FILE = CribSwapTests/Info.plist;
				IPHONEOS_DEPLOYMENT_TARGET = 13.5;
				LD_RUNPATH_SEARCH_PATHS = (
					"$(inherited)",
					"@executable_path/Frameworks",
					"@loader_path/Frameworks",
				);
				PRODUCT_BUNDLE_IDENTIFIER = com.CribSwap.CribSwapTests;
				PRODUCT_NAME = "$(TARGET_NAME)";
				SWIFT_VERSION = 5.0;
				TARGETED_DEVICE_FAMILY = "1,2";
				TEST_HOST = "$(BUILT_PRODUCTS_DIR)/CribSwap.app/CribSwap";
			};
			name = Debug;
		};
		5607DF6F24E6299500F0C65B /* Release */ = {
			isa = XCBuildConfiguration;
			buildSettings = {
				ALWAYS_EMBED_SWIFT_STANDARD_LIBRARIES = YES;
				BUNDLE_LOADER = "$(TEST_HOST)";
				CODE_SIGN_STYLE = Automatic;
				DEVELOPMENT_TEAM = 94D8MG3RU7;
				INFOPLIST_FILE = CribSwapTests/Info.plist;
				IPHONEOS_DEPLOYMENT_TARGET = 13.5;
				LD_RUNPATH_SEARCH_PATHS = (
					"$(inherited)",
					"@executable_path/Frameworks",
					"@loader_path/Frameworks",
				);
				PRODUCT_BUNDLE_IDENTIFIER = com.CribSwap.CribSwapTests;
				PRODUCT_NAME = "$(TARGET_NAME)";
				SWIFT_VERSION = 5.0;
				TARGETED_DEVICE_FAMILY = "1,2";
				TEST_HOST = "$(BUILT_PRODUCTS_DIR)/CribSwap.app/CribSwap";
			};
			name = Release;
		};
		5607DF7124E6299500F0C65B /* Debug */ = {
			isa = XCBuildConfiguration;
			buildSettings = {
				ALWAYS_EMBED_SWIFT_STANDARD_LIBRARIES = YES;
				CODE_SIGN_STYLE = Automatic;
				DEVELOPMENT_TEAM = 94D8MG3RU7;
				INFOPLIST_FILE = CribSwapUITests/Info.plist;
				LD_RUNPATH_SEARCH_PATHS = (
					"$(inherited)",
					"@executable_path/Frameworks",
					"@loader_path/Frameworks",
				);
				PRODUCT_BUNDLE_IDENTIFIER = com.CribSwap.CribSwapUITests;
				PRODUCT_NAME = "$(TARGET_NAME)";
				SWIFT_VERSION = 5.0;
				TARGETED_DEVICE_FAMILY = "1,2";
				TEST_TARGET_NAME = CribSwap;
			};
			name = Debug;
		};
		5607DF7224E6299500F0C65B /* Release */ = {
			isa = XCBuildConfiguration;
			buildSettings = {
				ALWAYS_EMBED_SWIFT_STANDARD_LIBRARIES = YES;
				CODE_SIGN_STYLE = Automatic;
				DEVELOPMENT_TEAM = 94D8MG3RU7;
				INFOPLIST_FILE = CribSwapUITests/Info.plist;
				LD_RUNPATH_SEARCH_PATHS = (
					"$(inherited)",
					"@executable_path/Frameworks",
					"@loader_path/Frameworks",
				);
				PRODUCT_BUNDLE_IDENTIFIER = com.CribSwap.CribSwapUITests;
				PRODUCT_NAME = "$(TARGET_NAME)";
				SWIFT_VERSION = 5.0;
				TARGETED_DEVICE_FAMILY = "1,2";
				TEST_TARGET_NAME = CribSwap;
			};
			name = Release;
		};
/* End XCBuildConfiguration section */

/* Begin XCConfigurationList section */
		5607DF3B24E6299100F0C65B /* Build configuration list for PBXProject "CribSwap" */ = {
			isa = XCConfigurationList;
			buildConfigurations = (
				5607DF6824E6299500F0C65B /* Debug */,
				5607DF6924E6299500F0C65B /* Release */,
			);
			defaultConfigurationIsVisible = 0;
			defaultConfigurationName = Release;
		};
		5607DF6A24E6299500F0C65B /* Build configuration list for PBXNativeTarget "CribSwap" */ = {
			isa = XCConfigurationList;
			buildConfigurations = (
				5607DF6B24E6299500F0C65B /* Debug */,
				5607DF6C24E6299500F0C65B /* Release */,
			);
			defaultConfigurationIsVisible = 0;
			defaultConfigurationName = Release;
		};
		5607DF6D24E6299500F0C65B /* Build configuration list for PBXNativeTarget "CribSwapTests" */ = {
			isa = XCConfigurationList;
			buildConfigurations = (
				5607DF6E24E6299500F0C65B /* Debug */,
				5607DF6F24E6299500F0C65B /* Release */,
			);
			defaultConfigurationIsVisible = 0;
			defaultConfigurationName = Release;
		};
		5607DF7024E6299500F0C65B /* Build configuration list for PBXNativeTarget "CribSwapUITests" */ = {
			isa = XCConfigurationList;
			buildConfigurations = (
				5607DF7124E6299500F0C65B /* Debug */,
				5607DF7224E6299500F0C65B /* Release */,
			);
			defaultConfigurationIsVisible = 0;
			defaultConfigurationName = Release;
		};
/* End XCConfigurationList section */
	};
	rootObject = 5607DF3824E6299100F0C65B /* Project object */;
}
